
Microsoft Visual Studio Solution File, Format Version 12.00
# Visual Studio Version 17
VisualStudioVersion = 17.0.31912.275
MinimumVisualStudioVersion = 10.0.40219.1
Project("{FAE04EC0-301F-11D3-BF4B-00C04F79EFBC}") = "GymManager.Web", "GymManager.Web\GymManager.Web.csproj", "{DBF1B999-F016-453C-B4AD-0C327FED5462}"
EndProject
Global
	GlobalSection(SolutionConfigurationPlatforms) = preSolution
		Debug|Any CPU = Debug|Any CPU
		Release|Any CPU = Release|Any CPU
	EndGlobalSection
	GlobalSection(ProjectConfigurationPlatforms) = postSolution
		{DBF1B999-F016-453C-B4AD-0C327FED5462}.Debug|Any CPU.ActiveCfg = Debug|Any CPU
		{DBF1B999-F016-453C-B4AD-0C327FED5462}.Debug|Any CPU.Build.0 = Debug|Any CPU
		{DBF1B999-F016-453C-B4AD-0C327FED5462}.Release|Any CPU.ActiveCfg = Release|Any CPU
		{DBF1B999-F016-453C-B4AD-0C327FED5462}.Release|Any CPU.Build.0 = Release|Any CPU
	EndGlobalSection
	GlobalSection(SolutionProperties) = preSolution
		HideSolutionNode = FALSE
	EndGlobalSection
	GlobalSection(ExtensibilityGlobals) = postSolution
		SolutionGuid = {C79219AA-D5F9-42B4-BDEA-DA232C49BE6A}
	EndGlobalSection
EndGlobal
