
Microsoft Visual Studio Solution File, Format Version 12.00
# Visual Studio Version 17
VisualStudioVersion = 17.0.31912.275
MinimumVisualStudioVersion = 10.0.40219.1
Project("{FAE04EC0-301F-11D3-BF4B-00C04F79EFBC}") = "DN_1.1_Hector_Jaramillo_v1.0", "DN_1.1_Hector_Jaramillo_v1.0\DN_1.1_Hector_Jaramillo_v1.0.csproj", "{92A2C48E-229E-473E-A1D3-0270133315B6}"
EndProject
Project("{FAE04EC0-301F-11D3-BF4B-00C04F79EFBC}") = "AudioManager", "AudioManager\AudioManager.csproj", "{5E20DDA7-17DA-45DC-ADD4-FB877919B150}"
EndProject
Global
	GlobalSection(SolutionConfigurationPlatforms) = preSolution
		Debug|Any CPU = Debug|Any CPU
		Release|Any CPU = Release|Any CPU
	EndGlobalSection
	GlobalSection(ProjectConfigurationPlatforms) = postSolution
		{92A2C48E-229E-473E-A1D3-0270133315B6}.Debug|Any CPU.ActiveCfg = Debug|Any CPU
		{92A2C48E-229E-473E-A1D3-0270133315B6}.Debug|Any CPU.Build.0 = Debug|Any CPU
		{92A2C48E-229E-473E-A1D3-0270133315B6}.Release|Any CPU.ActiveCfg = Release|Any CPU
		{92A2C48E-229E-473E-A1D3-0270133315B6}.Release|Any CPU.Build.0 = Release|Any CPU
		{5E20DDA7-17DA-45DC-ADD4-FB877919B150}.Debug|Any CPU.ActiveCfg = Debug|Any CPU
		{5E20DDA7-17DA-45DC-ADD4-FB877919B150}.Debug|Any CPU.Build.0 = Debug|Any CPU
		{5E20DDA7-17DA-45DC-ADD4-FB877919B150}.Release|Any CPU.ActiveCfg = Release|Any CPU
		{5E20DDA7-17DA-45DC-ADD4-FB877919B150}.Release|Any CPU.Build.0 = Release|Any CPU
	EndGlobalSection
	GlobalSection(SolutionProperties) = preSolution
		HideSolutionNode = FALSE
	EndGlobalSection
	GlobalSection(ExtensibilityGlobals) = postSolution
		SolutionGuid = {4E4490EC-547E-4ACA-BD00-13BF3913B66B}
	EndGlobalSection
EndGlobal
